
Microsoft Visual Studio Solution File, Format Version 12.00
# Visual Studio 2012
Project("{FAE04EC0-301F-11D3-BF4B-00C04F79EFBC}") = "BarBot.Droid", "Droid\BarBot.Droid.csproj", "{8AD7C430-77DF-4EAE-B824-6820043E09E0}"
EndProject
Project("{FAE04EC0-301F-11D3-BF4B-00C04F79EFBC}") = "BarBot.iOS", "iOS\BarBot.iOS.csproj", "{93C8677B-0CEC-4ECB-9FDB-7BD63BA2512D}"
EndProject
Project("{FAE04EC0-301F-11D3-BF4B-00C04F79EFBC}") = "BarBot", "BarBot\BarBot.csproj", "{641AE0D1-CEBF-42A6-A504-C8E9889C648F}"
EndProject
Project("{FAE04EC0-301F-11D3-BF4B-00C04F79EFBC}") = "BarBot.iOS.Tests", "BarBot.iOS.Tests\BarBot.iOS.Tests.csproj", "{46324636-5BF3-4874-A31A-EF3A7E3C7892}"
EndProject
Project("{FAE04EC0-301F-11D3-BF4B-00C04F79EFBC}") = "BarBot.Test", "BarBot.Test\BarBot.Test.csproj", "{D3F9CD99-99B1-4236-BC54-7352889B2ECB}"
EndProject
Global
	GlobalSection(SolutionConfigurationPlatforms) = preSolution
		Debug|Any CPU = Debug|Any CPU
		Release|Any CPU = Release|Any CPU
		Debug|iPhoneSimulator = Debug|iPhoneSimulator
		Release|iPhone = Release|iPhone
		Release|iPhoneSimulator = Release|iPhoneSimulator
		Debug|iPhone = Debug|iPhone
	EndGlobalSection
	GlobalSection(ProjectConfigurationPlatforms) = postSolution
		{8AD7C430-77DF-4EAE-B824-6820043E09E0}.Debug|Any CPU.ActiveCfg = Debug|Any CPU
		{8AD7C430-77DF-4EAE-B824-6820043E09E0}.Debug|Any CPU.Build.0 = Debug|Any CPU
		{8AD7C430-77DF-4EAE-B824-6820043E09E0}.Release|Any CPU.ActiveCfg = Release|Any CPU
		{8AD7C430-77DF-4EAE-B824-6820043E09E0}.Release|Any CPU.Build.0 = Release|Any CPU
		{8AD7C430-77DF-4EAE-B824-6820043E09E0}.Debug|iPhoneSimulator.ActiveCfg = Debug|Any CPU
		{8AD7C430-77DF-4EAE-B824-6820043E09E0}.Debug|iPhoneSimulator.Build.0 = Debug|Any CPU
		{8AD7C430-77DF-4EAE-B824-6820043E09E0}.Release|iPhone.ActiveCfg = Release|Any CPU
		{8AD7C430-77DF-4EAE-B824-6820043E09E0}.Release|iPhone.Build.0 = Release|Any CPU
		{8AD7C430-77DF-4EAE-B824-6820043E09E0}.Release|iPhoneSimulator.ActiveCfg = Release|Any CPU
		{8AD7C430-77DF-4EAE-B824-6820043E09E0}.Release|iPhoneSimulator.Build.0 = Release|Any CPU
		{8AD7C430-77DF-4EAE-B824-6820043E09E0}.Debug|iPhone.ActiveCfg = Debug|Any CPU
		{8AD7C430-77DF-4EAE-B824-6820043E09E0}.Debug|iPhone.Build.0 = Debug|Any CPU
		{93C8677B-0CEC-4ECB-9FDB-7BD63BA2512D}.Debug|Any CPU.ActiveCfg = Debug|iPhoneSimulator
		{93C8677B-0CEC-4ECB-9FDB-7BD63BA2512D}.Debug|Any CPU.Build.0 = Debug|iPhoneSimulator
		{93C8677B-0CEC-4ECB-9FDB-7BD63BA2512D}.Release|Any CPU.ActiveCfg = Release|iPhone
		{93C8677B-0CEC-4ECB-9FDB-7BD63BA2512D}.Release|Any CPU.Build.0 = Release|iPhone
		{93C8677B-0CEC-4ECB-9FDB-7BD63BA2512D}.Debug|iPhoneSimulator.ActiveCfg = Debug|iPhoneSimulator
		{93C8677B-0CEC-4ECB-9FDB-7BD63BA2512D}.Debug|iPhoneSimulator.Build.0 = Debug|iPhoneSimulator
		{93C8677B-0CEC-4ECB-9FDB-7BD63BA2512D}.Release|iPhone.ActiveCfg = Release|iPhone
		{93C8677B-0CEC-4ECB-9FDB-7BD63BA2512D}.Release|iPhone.Build.0 = Release|iPhone
		{93C8677B-0CEC-4ECB-9FDB-7BD63BA2512D}.Release|iPhoneSimulator.ActiveCfg = Release|iPhoneSimulator
		{93C8677B-0CEC-4ECB-9FDB-7BD63BA2512D}.Release|iPhoneSimulator.Build.0 = Release|iPhoneSimulator
		{93C8677B-0CEC-4ECB-9FDB-7BD63BA2512D}.Debug|iPhone.ActiveCfg = Debug|iPhone
		{93C8677B-0CEC-4ECB-9FDB-7BD63BA2512D}.Debug|iPhone.Build.0 = Debug|iPhone
		{641AE0D1-CEBF-42A6-A504-C8E9889C648F}.Debug|Any CPU.ActiveCfg = Debug|Any CPU
		{641AE0D1-CEBF-42A6-A504-C8E9889C648F}.Debug|Any CPU.Build.0 = Debug|Any CPU
		{641AE0D1-CEBF-42A6-A504-C8E9889C648F}.Release|Any CPU.ActiveCfg = Release|Any CPU
		{641AE0D1-CEBF-42A6-A504-C8E9889C648F}.Release|Any CPU.Build.0 = Release|Any CPU
		{641AE0D1-CEBF-42A6-A504-C8E9889C648F}.Debug|iPhoneSimulator.ActiveCfg = Debug|Any CPU
		{641AE0D1-CEBF-42A6-A504-C8E9889C648F}.Debug|iPhoneSimulator.Build.0 = Debug|Any CPU
		{641AE0D1-CEBF-42A6-A504-C8E9889C648F}.Release|iPhone.ActiveCfg = Release|Any CPU
		{641AE0D1-CEBF-42A6-A504-C8E9889C648F}.Release|iPhone.Build.0 = Release|Any CPU
		{641AE0D1-CEBF-42A6-A504-C8E9889C648F}.Release|iPhoneSimulator.ActiveCfg = Release|Any CPU
		{641AE0D1-CEBF-42A6-A504-C8E9889C648F}.Release|iPhoneSimulator.Build.0 = Release|Any CPU
		{641AE0D1-CEBF-42A6-A504-C8E9889C648F}.Debug|iPhone.ActiveCfg = Debug|Any CPU
		{641AE0D1-CEBF-42A6-A504-C8E9889C648F}.Debug|iPhone.Build.0 = Debug|Any CPU
		{46324636-5BF3-4874-A31A-EF3A7E3C7892}.Debug|Any CPU.ActiveCfg = Debug|iPhoneSimulator
		{46324636-5BF3-4874-A31A-EF3A7E3C7892}.Debug|Any CPU.Build.0 = Debug|iPhoneSimulator
		{46324636-5BF3-4874-A31A-EF3A7E3C7892}.Release|Any CPU.ActiveCfg = Release|iPhone
		{46324636-5BF3-4874-A31A-EF3A7E3C7892}.Release|Any CPU.Build.0 = Release|iPhone
		{46324636-5BF3-4874-A31A-EF3A7E3C7892}.Debug|iPhoneSimulator.ActiveCfg = Debug|iPhoneSimulator
		{46324636-5BF3-4874-A31A-EF3A7E3C7892}.Debug|iPhoneSimulator.Build.0 = Debug|iPhoneSimulator
		{46324636-5BF3-4874-A31A-EF3A7E3C7892}.Release|iPhone.ActiveCfg = Release|iPhone
		{46324636-5BF3-4874-A31A-EF3A7E3C7892}.Release|iPhone.Build.0 = Release|iPhone
		{46324636-5BF3-4874-A31A-EF3A7E3C7892}.Release|iPhoneSimulator.ActiveCfg = Release|iPhoneSimulator
		{46324636-5BF3-4874-A31A-EF3A7E3C7892}.Release|iPhoneSimulator.Build.0 = Release|iPhoneSimulator
		{46324636-5BF3-4874-A31A-EF3A7E3C7892}.Debug|iPhone.ActiveCfg = Debug|iPhone
		{46324636-5BF3-4874-A31A-EF3A7E3C7892}.Debug|iPhone.Build.0 = Debug|iPhone
		{D3F9CD99-99B1-4236-BC54-7352889B2ECB}.Debug|Any CPU.ActiveCfg = Debug|Any CPU
		{D3F9CD99-99B1-4236-BC54-7352889B2ECB}.Debug|Any CPU.Build.0 = Debug|Any CPU
		{D3F9CD99-99B1-4236-BC54-7352889B2ECB}.Release|Any CPU.ActiveCfg = Release|Any CPU
		{D3F9CD99-99B1-4236-BC54-7352889B2ECB}.Release|Any CPU.Build.0 = Release|Any CPU
		{D3F9CD99-99B1-4236-BC54-7352889B2ECB}.Debug|iPhoneSimulator.ActiveCfg = Debug|Any CPU
		{D3F9CD99-99B1-4236-BC54-7352889B2ECB}.Debug|iPhoneSimulator.Build.0 = Debug|Any CPU
		{D3F9CD99-99B1-4236-BC54-7352889B2ECB}.Release|iPhone.ActiveCfg = Release|Any CPU
		{D3F9CD99-99B1-4236-BC54-7352889B2ECB}.Release|iPhone.Build.0 = Release|Any CPU
		{D3F9CD99-99B1-4236-BC54-7352889B2ECB}.Release|iPhoneSimulator.ActiveCfg = Release|Any CPU
		{D3F9CD99-99B1-4236-BC54-7352889B2ECB}.Release|iPhoneSimulator.Build.0 = Release|Any CPU
		{D3F9CD99-99B1-4236-BC54-7352889B2ECB}.Debug|iPhone.ActiveCfg = Debug|Any CPU
		{D3F9CD99-99B1-4236-BC54-7352889B2ECB}.Debug|iPhone.Build.0 = Debug|Any CPU
	EndGlobalSection
EndGlobal
